lockfileVersion: '6.0'

settings:
  autoInstallPeers: true
  excludeLinksFromLockfile: false

dependencies:
  peggy:
    specifier: ^4.0.2
    version: 4.0.2

packages:

  /@peggyjs/from-mem@1.2.1:
    resolution: {integrity: sha512-qh5zG8WKT36142/FqOYtpF0scRR3ZJ3H5XST1bJ/KV2FvyB5MvUB/tB9ZjihRe1iKjJD4PBOZczzwEx7hJtgMw==}
    engines: {node: '>=18'}
    dependencies:
      semver: 7.6.0
    dev: false

  /commander@12.0.0:
    resolution: {integrity: sha512-MwVNWlYjDTtOjX5PiD7o5pK0UrFU/OYgcJfjjK4RaHZETNtjJqrZa9Y9ds88+A+f+d5lv+561eZ+yCKoS3gbAA==}
    engines: {node: '>=18'}
    dev: false

  /lru-cache@6.0.0:
    resolution: {integrity: sha512-Jo6dJ04CmSjuznwJSS3pUeWmd/H0ffTlkXXgwZi+eq1UCmqQwCh+eLsYOYCwY991i2Fah4h1BEMCx4qThGbsiA==}
    engines: {node: '>=10'}
    dependencies:
      yallist: 4.0.0
    dev: false

  /peggy@4.0.2:
    resolution: {integrity: sha512-j4cepPgB20V7honmTAI+7U022y/n/wVi7Rbbd2QrMl2nifFECpngvA6Zhrz/JdmZ5LIBoTdkgHcDzzaA6C4ABg==}
    engines: {node: '>=18'}
    hasBin: true
    dependencies:
      '@peggyjs/from-mem': 1.2.1
      commander: 12.0.0
      source-map-generator: 0.8.0
    dev: false

  /semver@7.6.0:
    resolution: {integrity: sha512-EnwXhrlwXMk9gKu5/flx5sv/an57AkRplG3hTK68W7FRDN+k+OWBj65M7719OkA82XLBxrcX0KSHj+X5COhOVg==}
    engines: {node: '>=10'}
    hasBin: true
    dependencies:
      lru-cache: 6.0.0
    dev: false

  /source-map-generator@0.8.0:
    resolution: {integrity: sha512-psgxdGMwl5MZM9S3FWee4EgsEaIjahYV5AzGnwUvPhWeITz/j6rKpysQHlQ4USdxvINlb8lKfWGIXwfkrgtqkA==}
    engines: {node: '>= 10'}
    dev: false

  /yallist@4.0.0:
    resolution: {integrity: sha512-3wdGidZyq5PB084XLES5TpOSRA3wjXAlIWMhum2kRcv/41Sn2emQ0dycQW4uZXLejwKvg6EsvbdlVL+FYEct7A==}
    dev: false
